
Microsoft Visual Studio Solution File, Format Version 12.00
# Visual Studio Version 17
VisualStudioVersion = 17.9.34616.47
MinimumVisualStudioVersion = 10.0.40219.1
Project("{FAE04EC0-301F-11D3-BF4B-00C04F79EFBC}") = "Desafio2Notificaciones", "Desafio2Notificaciones\Desafio2Notificaciones.csproj", "{242CC911-F6E0-4CFD-9DC2-BA5FBF34451D}"
EndProject
Global
	GlobalSection(SolutionConfigurationPlatforms) = preSolution
		Debug|Any CPU = Debug|Any CPU
		Release|Any CPU = Release|Any CPU
	EndGlobalSection
	GlobalSection(ProjectConfigurationPlatforms) = postSolution
		{242CC911-F6E0-4CFD-9DC2-BA5FBF34451D}.Debug|Any CPU.ActiveCfg = Debug|Any CPU
		{242CC911-F6E0-4CFD-9DC2-BA5FBF34451D}.Debug|Any CPU.Build.0 = Debug|Any CPU
		{242CC911-F6E0-4CFD-9DC2-BA5FBF34451D}.Release|Any CPU.ActiveCfg = Release|Any CPU
		{242CC911-F6E0-4CFD-9DC2-BA5FBF34451D}.Release|Any CPU.Build.0 = Release|Any CPU
	EndGlobalSection
	GlobalSection(SolutionProperties) = preSolution
		HideSolutionNode = FALSE
	EndGlobalSection
	GlobalSection(ExtensibilityGlobals) = postSolution
		SolutionGuid = {165F0126-5FB3-4D71-8E2E-A0DAE8568ECF}
	EndGlobalSection
EndGlobal
